
Microsoft Visual Studio Solution File, Format Version 12.00
# Visual Studio 15
VisualStudioVersion = 15.0.26228.9
MinimumVisualStudioVersion = 10.0.40219.1
Project("{FAE04EC0-301F-11D3-BF4B-00C04F79EFBC}") = "VSExtensionsExportImport", "VSExtensionsExportImport\VSExtensionsExportImport.csproj", "{738CA0F7-1AE5-4940-9C29-D43FD8314237}"
EndProject
Project("{2150E333-8FDC-42A3-9474-1A3956D46DE8}") = "Solution Items", "Solution Items", "{B17BC4D9-6E2C-4B4B-BF60-A6BA2C048DE3}"
	ProjectSection(SolutionItems) = preProject
		CHANGELOG.md = CHANGELOG.md
		README.md = README.md
	EndProjectSection
EndProject
Global
	GlobalSection(SolutionConfigurationPlatforms) = preSolution
		Debug|Any CPU = Debug|Any CPU
		Release|Any CPU = Release|Any CPU
	EndGlobalSection
	GlobalSection(ProjectConfigurationPlatforms) = postSolution
		{738CA0F7-1AE5-4940-9C29-D43FD8314237}.Debug|Any CPU.ActiveCfg = Debug|Any CPU
		{738CA0F7-1AE5-4940-9C29-D43FD8314237}.Debug|Any CPU.Build.0 = Debug|Any CPU
		{738CA0F7-1AE5-4940-9C29-D43FD8314237}.Release|Any CPU.ActiveCfg = Release|Any CPU
		{738CA0F7-1AE5-4940-9C29-D43FD8314237}.Release|Any CPU.Build.0 = Release|Any CPU
	EndGlobalSection
	GlobalSection(SolutionProperties) = preSolution
		HideSolutionNode = FALSE
	EndGlobalSection
EndGlobal
